// !$*UTF8*$!
{
	archiveVersion = 1;
	classes = {
	};
	objectVersion = 56;
	objects = {

/* Begin PBXBuildFile section */
		2A9D062F2B14678B00B04DBB /* MyBooksApp.swift in Sources */ = {isa = PBXBuildFile; fileRef = 2A9D062E2B14678B00B04DBB /* MyBooksApp.swift */; };
		2A9D06312B14678B00B04DBB /* BookListView.swift in Sources */ = {isa = PBXBuildFile; fileRef = 2A9D06302B14678B00B04DBB /* BookListView.swift */; };
		2A9D06332B14678D00B04DBB /* Assets.xcassets in Resources */ = {isa = PBXBuildFile; fileRef = 2A9D06322B14678D00B04DBB /* Assets.xcassets */; };
		2A9D06362B14678D00B04DBB /* Preview Assets.xcassets in Resources */ = {isa = PBXBuildFile; fileRef = 2A9D06352B14678D00B04DBB /* Preview Assets.xcassets */; };
		2A9D063D2B1467BB00B04DBB /* Book.swift in Sources */ = {isa = PBXBuildFile; fileRef = 2A9D063C2B1467BB00B04DBB /* Book.swift */; };
		2A9D063F2B146D0A00B04DBB /* NewBookView.swift in Sources */ = {isa = PBXBuildFile; fileRef = 2A9D063E2B146D0A00B04DBB /* NewBookView.swift */; };
		2A9D06412B147BAF00B04DBB /* EditBookView.swift in Sources */ = {isa = PBXBuildFile; fileRef = 2A9D06402B147BAF00B04DBB /* EditBookView.swift */; };
		2A9D06432B14822100B04DBB /* RatingsView.swift in Sources */ = {isa = PBXBuildFile; fileRef = 2A9D06422B14822100B04DBB /* RatingsView.swift */; };
		2AA61DC72B1D284400C5CD13 /* Genre.swift in Sources */ = {isa = PBXBuildFile; fileRef = 2AA61DC62B1D284400C5CD13 /* Genre.swift */; };
		2AA61DCB2B1D28EB00C5CD13 /* Color+Extension.swift in Sources */ = {isa = PBXBuildFile; fileRef = 2AA61DCA2B1D28EB00C5CD13 /* Color+Extension.swift */; };
		2AA61DCD2B1D2B3700C5CD13 /* GenreSamples.swift in Sources */ = {isa = PBXBuildFile; fileRef = 2AA61DCC2B1D2B3700C5CD13 /* GenreSamples.swift */; };
		2AA61DD12B1D2CDC00C5CD13 /* UIColor+Extension.swift in Sources */ = {isa = PBXBuildFile; fileRef = 2AA61DD02B1D2CDC00C5CD13 /* UIColor+Extension.swift */; };
		2AA61DD92B1D3DD500C5CD13 /* GenresView.swift in Sources */ = {isa = PBXBuildFile; fileRef = 2AA61DD82B1D3DD500C5CD13 /* GenresView.swift */; };
		2AA61DDB2B1D7E0400C5CD13 /* NewGenreView.swift in Sources */ = {isa = PBXBuildFile; fileRef = 2AA61DDA2B1D7E0400C5CD13 /* NewGenreView.swift */; };
		2AA61DDD2B1D86BD00C5CD13 /* GenreStackView.swift in Sources */ = {isa = PBXBuildFile; fileRef = 2AA61DDC2B1D86BD00C5CD13 /* GenreStackView.swift */; };
		2AF95AAC2B155FF4001F9520 /* BookSamples.swift in Sources */ = {isa = PBXBuildFile; fileRef = 2AF95AAB2B155FF4001F9520 /* BookSamples.swift */; };
		2AF95AAE2B156178001F9520 /* PreviewContainer.swift in Sources */ = {isa = PBXBuildFile; fileRef = 2AF95AAD2B156178001F9520 /* PreviewContainer.swift */; };
		2AF95AB02B15C920001F9520 /* BookList.swift in Sources */ = {isa = PBXBuildFile; fileRef = 2AF95AAF2B15C920001F9520 /* BookList.swift */; };
		2AF95AB22B165034001F9520 /* Quote.swift in Sources */ = {isa = PBXBuildFile; fileRef = 2AF95AB12B165034001F9520 /* Quote.swift */; };
		2AF95AB42B1651E8001F9520 /* QuoteListView.swift in Sources */ = {isa = PBXBuildFile; fileRef = 2AF95AB32B1651E8001F9520 /* QuoteListView.swift */; };
/* End PBXBuildFile section */

/* Begin PBXFileReference section */
		2A9D062B2B14678B00B04DBB /* MyBooks.app */ = {isa = PBXFileReference; explicitFileType = wrapper.application; includeInIndex = 0; path = MyBooks.app; sourceTree = BUILT_PRODUCTS_DIR; };
		2A9D062E2B14678B00B04DBB /* MyBooksApp.swift */ = {isa = PBXFileReference; lastKnownFileType = sourcecode.swift; path = MyBooksApp.swift; sourceTree = "<group>"; };
		2A9D06302B14678B00B04DBB /* BookListView.swift */ = {isa = PBXFileReference; lastKnownFileType = sourcecode.swift; path = BookListView.swift; sourceTree = "<group>"; };
		2A9D06322B14678D00B04DBB /* Assets.xcassets */ = {isa = PBXFileReference; lastKnownFileType = folder.assetcatalog; path = Assets.xcassets; sourceTree = "<group>"; };
		2A9D06352B14678D00B04DBB /* Preview Assets.xcassets */ = {isa = PBXFileReference; lastKnownFileType = folder.assetcatalog; path = "Preview Assets.xcassets"; sourceTree = "<group>"; };
		2A9D063C2B1467BB00B04DBB /* Book.swift */ = {isa = PBXFileReference; lastKnownFileType = sourcecode.swift; path = Book.swift; sourceTree = "<group>"; };
		2A9D063E2B146D0A00B04DBB /* NewBookView.swift */ = {isa = PBXFileReference; lastKnownFileType = sourcecode.swift; path = NewBookView.swift; sourceTree = "<group>"; };
		2A9D06402B147BAF00B04DBB /* EditBookView.swift */ = {isa = PBXFileReference; lastKnownFileType = sourcecode.swift; path = EditBookView.swift; sourceTree = "<group>"; };
		2A9D06422B14822100B04DBB /* RatingsView.swift */ = {isa = PBXFileReference; lastKnownFileType = sourcecode.swift; path = RatingsView.swift; sourceTree = "<group>"; };
		2AA61DC62B1D284400C5CD13 /* Genre.swift */ = {isa = PBXFileReference; lastKnownFileType = sourcecode.swift; path = Genre.swift; sourceTree = "<group>"; };
		2AA61DCA2B1D28EB00C5CD13 /* Color+Extension.swift */ = {isa = PBXFileReference; lastKnownFileType = sourcecode.swift; path = "Color+Extension.swift"; sourceTree = "<group>"; };
		2AA61DCC2B1D2B3700C5CD13 /* GenreSamples.swift */ = {isa = PBXFileReference; lastKnownFileType = sourcecode.swift; path = GenreSamples.swift; sourceTree = "<group>"; };
		2AA61DD02B1D2CDC00C5CD13 /* UIColor+Extension.swift */ = {isa = PBXFileReference; fileEncoding = 4; lastKnownFileType = sourcecode.swift; path = "UIColor+Extension.swift"; sourceTree = "<group>"; };
		2AA61DD82B1D3DD500C5CD13 /* GenresView.swift */ = {isa = PBXFileReference; lastKnownFileType = sourcecode.swift; path = GenresView.swift; sourceTree = "<group>"; };
		2AA61DDA2B1D7E0400C5CD13 /* NewGenreView.swift */ = {isa = PBXFileReference; lastKnownFileType = sourcecode.swift; path = NewGenreView.swift; sourceTree = "<group>"; };
		2AA61DDC2B1D86BD00C5CD13 /* GenreStackView.swift */ = {isa = PBXFileReference; lastKnownFileType = sourcecode.swift; path = GenreStackView.swift; sourceTree = "<group>"; };
		2AAAA59A2B3E354E002B371B /* MyBooks.entitlements */ = {isa = PBXFileReference; lastKnownFileType = text.plist.entitlements; path = MyBooks.entitlements; sourceTree = "<group>"; };
		2AAAA59B2B3E35C4002B371B /* Info.plist */ = {isa = PBXFileReference; lastKnownFileType = text.plist; path = Info.plist; sourceTree = "<group>"; };
		2AF95AAB2B155FF4001F9520 /* BookSamples.swift */ = {isa = PBXFileReference; lastKnownFileType = sourcecode.swift; path = BookSamples.swift; sourceTree = "<group>"; };
		2AF95AAD2B156178001F9520 /* PreviewContainer.swift */ = {isa = PBXFileReference; lastKnownFileType = sourcecode.swift; path = PreviewContainer.swift; sourceTree = "<group>"; };
		2AF95AAF2B15C920001F9520 /* BookList.swift */ = {isa = PBXFileReference; lastKnownFileType = sourcecode.swift; path = BookList.swift; sourceTree = "<group>"; };
		2AF95AB12B165034001F9520 /* Quote.swift */ = {isa = PBXFileReference; lastKnownFileType = sourcecode.swift; path = Quote.swift; sourceTree = "<group>"; };
		2AF95AB32B1651E8001F9520 /* QuoteListView.swift */ = {isa = PBXFileReference; lastKnownFileType = sourcecode.swift; path = QuoteListView.swift; sourceTree = "<group>"; };
/* End PBXFileReference section */

/* Begin PBXFrameworksBuildPhase section */
		2A9D06282B14678B00B04DBB /* Frameworks */ = {
			isa = PBXFrameworksBuildPhase;
			buildActionMask = 2147483647;
			files = (
			);
			runOnlyForDeploymentPostprocessing = 0;
		};
/* End PBXFrameworksBuildPhase section */

/* Begin PBXGroup section */
		2A9D06222B14678B00B04DBB = {
			isa = PBXGroup;
			children = (
				2A9D062D2B14678B00B04DBB /* MyBooks */,
				2A9D062C2B14678B00B04DBB /* Products */,
			);
			sourceTree = "<group>";
		};
		2A9D062C2B14678B00B04DBB /* Products */ = {
			isa = PBXGroup;
			children = (
				2A9D062B2B14678B00B04DBB /* MyBooks.app */,
			);
			name = Products;
			sourceTree = "<group>";
		};
		2A9D062D2B14678B00B04DBB /* MyBooks */ = {
			isa = PBXGroup;
			children = (
				2AAAA59B2B3E35C4002B371B /* Info.plist */,
				2AAAA59A2B3E354E002B371B /* MyBooks.entitlements */,
				2AA61DD72B1D3DBB00C5CD13 /* Genres */,
				2A9D062E2B14678B00B04DBB /* MyBooksApp.swift */,
				2AA61DCE2B1D2C7E00C5CD13 /* Books */,
				2AA61DD22B1D2CFC00C5CD13 /* Quotes */,
				2AF95ADF2B18EE0E001F9520 /* Models */,
				2AA61DD62B1D3D7900C5CD13 /* Accessory Views */,
				2AA61DCF2B1D2CA700C5CD13 /* Extensions */,
				2A9D06322B14678D00B04DBB /* Assets.xcassets */,
				2A9D06342B14678D00B04DBB /* Preview Content */,
			);
			path = MyBooks;
			sourceTree = "<group>";
		};
		2A9D06342B14678D00B04DBB /* Preview Content */ = {
			isa = PBXGroup;
			children = (
				2A9D06352B14678D00B04DBB /* Preview Assets.xcassets */,
				2AF95AAB2B155FF4001F9520 /* BookSamples.swift */,
				2AF95AAD2B156178001F9520 /* PreviewContainer.swift */,
				2AA61DCC2B1D2B3700C5CD13 /* GenreSamples.swift */,
			);
			path = "Preview Content";
			sourceTree = "<group>";
		};
		2AA61DCE2B1D2C7E00C5CD13 /* Books */ = {
			isa = PBXGroup;
			children = (
				2A9D06302B14678B00B04DBB /* BookListView.swift */,
				2AF95AAF2B15C920001F9520 /* BookList.swift */,
				2A9D063E2B146D0A00B04DBB /* NewBookView.swift */,
				2A9D06402B147BAF00B04DBB /* EditBookView.swift */,
			);
			path = Books;
			sourceTree = "<group>";
		};
		2AA61DCF2B1D2CA700C5CD13 /* Extensions */ = {
			isa = PBXGroup;
			children = (
				2AA61DD02B1D2CDC00C5CD13 /* UIColor+Extension.swift */,
				2AA61DCA2B1D28EB00C5CD13 /* Color+Extension.swift */,
			);
			path = Extensions;
			sourceTree = "<group>";
		};
		2AA61DD22B1D2CFC00C5CD13 /* Quotes */ = {
			isa = PBXGroup;
			children = (
				2AF95AB32B1651E8001F9520 /* QuoteListView.swift */,
			);
			path = Quotes;
			sourceTree = "<group>";
		};
		2AA61DD62B1D3D7900C5CD13 /* Accessory Views */ = {
			isa = PBXGroup;
			children = (
				2A9D06422B14822100B04DBB /* RatingsView.swift */,
			);
			path = "Accessory Views";
			sourceTree = "<group>";
		};
		2AA61DD72B1D3DBB00C5CD13 /* Genres */ = {
			isa = PBXGroup;
			children = (
				2AA61DD82B1D3DD500C5CD13 /* GenresView.swift */,
				2AA61DDA2B1D7E0400C5CD13 /* NewGenreView.swift */,
				2AA61DDC2B1D86BD00C5CD13 /* GenreStackView.swift */,
			);
			path = Genres;
			sourceTree = "<group>";
		};
		2AF95ADF2B18EE0E001F9520 /* Models */ = {
			isa = PBXGroup;
			children = (
				2A9D063C2B1467BB00B04DBB /* Book.swift */,
				2AF95AB12B165034001F9520 /* Quote.swift */,
				2AA61DC62B1D284400C5CD13 /* Genre.swift */,
			);
			path = Models;
			sourceTree = "<group>";
		};
/* End PBXGroup section */

/* Begin PBXNativeTarget section */
		2A9D062A2B14678B00B04DBB /* MyBooks */ = {
			isa = PBXNativeTarget;
			buildConfigurationList = 2A9D06392B14678D00B04DBB /* Build configuration list for PBXNativeTarget "MyBooks" */;
			buildPhases = (
				2A9D06272B14678B00B04DBB /* Sources */,
				2A9D06282B14678B00B04DBB /* Frameworks */,
				2A9D06292B14678B00B04DBB /* Resources */,
			);
			buildRules = (
			);
			dependencies = (
			);
			name = MyBooks;
			productName = MyBooks;
			productReference = 2A9D062B2B14678B00B04DBB /* MyBooks.app */;
			productType = "com.apple.product-type.application";
		};
/* End PBXNativeTarget section */

/* Begin PBXProject section */
		2A9D06232B14678B00B04DBB /* Project object */ = {
			isa = PBXProject;
			attributes = {
				BuildIndependentTargetsInParallel = 1;
				LastSwiftUpdateCheck = 1500;
				LastUpgradeCheck = 1500;
				TargetAttributes = {
					2A9D062A2B14678B00B04DBB = {
						CreatedOnToolsVersion = 15.0;
					};
				};
			};
			buildConfigurationList = 2A9D06262B14678B00B04DBB /* Build configuration list for PBXProject "MyBooks" */;
			compatibilityVersion = "Xcode 14.0";
			developmentRegion = en;
			hasScannedForEncodings = 0;
			knownRegions = (
				en,
				Base,
			);
			mainGroup = 2A9D06222B14678B00B04DBB;
			productRefGroup = 2A9D062C2B14678B00B04DBB /* Products */;
			projectDirPath = "";
			projectRoot = "";
			targets = (
				2A9D062A2B14678B00B04DBB /* MyBooks */,
			);
		};
/* End PBXProject section */

/* Begin PBXResourcesBuildPhase section */
		2A9D06292B14678B00B04DBB /* Resources */ = {
			isa = PBXResourcesBuildPhase;
			buildActionMask = 2147483647;
			files = (
				2A9D06362B14678D00B04DBB /* Preview Assets.xcassets in Resources */,
				2A9D06332B14678D00B04DBB /* Assets.xcassets in Resources */,
			);
			runOnlyForDeploymentPostprocessing = 0;
		};
/* End PBXResourcesBuildPhase section */

/* Begin PBXSourcesBuildPhase section */
		2A9D06272B14678B00B04DBB /* Sources */ = {
			isa = PBXSourcesBuildPhase;
			buildActionMask = 2147483647;
			files = (
				2AF95AAC2B155FF4001F9520 /* BookSamples.swift in Sources */,
				2AA61DCB2B1D28EB00C5CD13 /* Color+Extension.swift in Sources */,
				2A9D063F2B146D0A00B04DBB /* NewBookView.swift in Sources */,
				2AA61DDB2B1D7E0400C5CD13 /* NewGenreView.swift in Sources */,
				2A9D06432B14822100B04DBB /* RatingsView.swift in Sources */,
				2AA61DC72B1D284400C5CD13 /* Genre.swift in Sources */,
				2AF95AB02B15C920001F9520 /* BookList.swift in Sources */,
				2AA61DDD2B1D86BD00C5CD13 /* GenreStackView.swift in Sources */,
				2A9D06412B147BAF00B04DBB /* EditBookView.swift in Sources */,
				2A9D06312B14678B00B04DBB /* BookListView.swift in Sources */,
				2A9D062F2B14678B00B04DBB /* MyBooksApp.swift in Sources */,
				2AA61DD12B1D2CDC00C5CD13 /* UIColor+Extension.swift in Sources */,
				2AA61DD92B1D3DD500C5CD13 /* GenresView.swift in Sources */,
				2AF95AAE2B156178001F9520 /* PreviewContainer.swift in Sources */,
				2AA61DCD2B1D2B3700C5CD13 /* GenreSamples.swift in Sources */,
				2AF95AB42B1651E8001F9520 /* QuoteListView.swift in Sources */,
				2AF95AB22B165034001F9520 /* Quote.swift in Sources */,
				2A9D063D2B1467BB00B04DBB /* Book.swift in Sources */,
			);
			runOnlyForDeploymentPostprocessing = 0;
		};
/* End PBXSourcesBuildPhase section */

/* Begin XCBuildConfiguration section */
		2A9D06372B14678D00B04DBB /* Debug */ = {
			isa = XCBuildConfiguration;
			buildSettings = {
				ALWAYS_SEARCH_USER_PATHS = NO;
				ASSETCATALOG_COMPILER_GENERATE_SWIFT_ASSET_SYMBOL_EXTENSIONS = YES;
				CLANG_ANALYZER_NONNULL = YES;
				CLANG_ANALYZER_NUMBER_OBJECT_CONVERSION = YES_AGGRESSIVE;
				CLANG_CXX_LANGUAGE_STANDARD = "gnu++20";
				CLANG_ENABLE_MODULES = YES;
				CLANG_ENABLE_OBJC_ARC = YES;
				CLANG_ENABLE_OBJC_WEAK = YES;
				CLANG_WARN_BLOCK_CAPTURE_AUTORELEASING = YES;
				CLANG_WARN_BOOL_CONVERSION = YES;
				CLANG_WARN_COMMA = YES;
				CLANG_WARN_CONSTANT_CONVERSION = YES;
				CLANG_WARN_DEPRECATED_OBJC_IMPLEMENTATIONS = YES;
				CLANG_WARN_DIRECT_OBJC_ISA_USAGE = YES_ERROR;
				CLANG_WARN_DOCUMENTATION_COMMENTS = YES;
				CLANG_WARN_EMPTY_BODY = YES;
				CLANG_WARN_ENUM_CONVERSION = YES;
				CLANG_WARN_INFINITE_RECURSION = YES;
				CLANG_WARN_INT_CONVERSION = YES;
				CLANG_WARN_NON_LITERAL_NULL_CONVERSION = YES;
				CLANG_WARN_OBJC_IMPLICIT_RETAIN_SELF = YES;
				CLANG_WARN_OBJC_LITERAL_CONVERSION = YES;
				CLANG_WARN_OBJC_ROOT_CLASS = YES_ERROR;
				CLANG_WARN_QUOTED_INCLUDE_IN_FRAMEWORK_HEADER = YES;
				CLANG_WARN_RANGE_LOOP_ANALYSIS = YES;
				CLANG_WARN_STRICT_PROTOTYPES = YES;
				CLANG_WARN_SUSPICIOUS_MOVE = YES;
				CLANG_WARN_UNGUARDED_AVAILABILITY = YES_AGGRESSIVE;
				CLANG_WARN_UNREACHABLE_CODE = YES;
				CLANG_WARN__DUPLICATE_METHOD_MATCH = YES;
				COPY_PHASE_STRIP = NO;
				DEBUG_INFORMATION_FORMAT = dwarf;
				ENABLE_STRICT_OBJC_MSGSEND = YES;
				ENABLE_TESTABILITY = YES;
				ENABLE_USER_SCRIPT_SANDBOXING = YES;
				GCC_C_LANGUAGE_STANDARD = gnu17;
				GCC_DYNAMIC_NO_PIC = NO;
				GCC_NO_COMMON_BLOCKS = YES;
				GCC_OPTIMIZATION_LEVEL = 0;
				GCC_PREPROCESSOR_DEFINITIONS = (
					"DEBUG=1",
					"$(inherited)",
				);
				GCC_WARN_64_TO_32_BIT_CONVERSION = YES;
				GCC_WARN_ABOUT_RETURN_TYPE = YES_ERROR;
				GCC_WARN_UNDECLARED_SELECTOR = YES;
				GCC_WARN_UNINITIALIZED_AUTOS = YES_AGGRESSIVE;
				GCC_WARN_UNUSED_FUNCTION = YES;
				GCC_WARN_UNUSED_VARIABLE = YES;
				IPHONEOS_DEPLOYMENT_TARGET = 17.0;
				LOCALIZATION_PREFERS_STRING_CATALOGS = YES;
				MTL_ENABLE_DEBUG_INFO = INCLUDE_SOURCE;
				MTL_FAST_MATH = YES;
				ONLY_ACTIVE_ARCH = YES;
				SDKROOT = iphoneos;
				SWIFT_ACTIVE_COMPILATION_CONDITIONS = "DEBUG $(inherited)";
				SWIFT_OPTIMIZATION_LEVEL = "-Onone";
			};
			name = Debug;
		};
		2A9D06382B14678D00B04DBB /* Release */ = {
			isa = XCBuildConfiguration;
			buildSettings = {
				ALWAYS_SEARCH_USER_PATHS = NO;
				ASSETCATALOG_COMPILER_GENERATE_SWIFT_ASSET_SYMBOL_EXTENSIONS = YES;
				CLANG_ANALYZER_NONNULL = YES;
				CLANG_ANALYZER_NUMBER_OBJECT_CONVERSION = YES_AGGRESSIVE;
				CLANG_CXX_LANGUAGE_STANDARD = "gnu++20";
				CLANG_ENABLE_MODULES = YES;
				CLANG_ENABLE_OBJC_ARC = YES;
				CLANG_ENABLE_OBJC_WEAK = YES;
				CLANG_WARN_BLOCK_CAPTURE_AUTORELEASING = YES;
				CLANG_WARN_BOOL_CONVERSION = YES;
				CLANG_WARN_COMMA = YES;
				CLANG_WARN_CONSTANT_CONVERSION = YES;
				CLANG_WARN_DEPRECATED_OBJC_IMPLEMENTATIONS = YES;
				CLANG_WARN_DIRECT_OBJC_ISA_USAGE = YES_ERROR;
				CLANG_WARN_DOCUMENTATION_COMMENTS = YES;
				CLANG_WARN_EMPTY_BODY = YES;
				CLANG_WARN_ENUM_CONVERSION = YES;
				CLANG_WARN_INFINITE_RECURSION = YES;
				CLANG_WARN_INT_CONVERSION = YES;
				CLANG_WARN_NON_LITERAL_NULL_CONVERSION = YES;
				CLANG_WARN_OBJC_IMPLICIT_RETAIN_SELF = YES;
				CLANG_WARN_OBJC_LITERAL_CONVERSION = YES;
				CLANG_WARN_OBJC_ROOT_CLASS = YES_ERROR;
				CLANG_WARN_QUOTED_INCLUDE_IN_FRAMEWORK_HEADER = YES;
				CLANG_WARN_RANGE_LOOP_ANALYSIS = YES;
				CLANG_WARN_STRICT_PROTOTYPES = YES;
				CLANG_WARN_SUSPICIOUS_MOVE = YES;
				CLANG_WARN_UNGUARDED_AVAILABILITY = YES_AGGRESSIVE;
				CLANG_WARN_UNREACHABLE_CODE = YES;
				CLANG_WARN__DUPLICATE_METHOD_MATCH = YES;
				COPY_PHASE_STRIP = NO;
				DEBUG_INFORMATION_FORMAT = "dwarf-with-dsym";
				ENABLE_NS_ASSERTIONS = NO;
				ENABLE_STRICT_OBJC_MSGSEND = YES;
				ENABLE_USER_SCRIPT_SANDBOXING = YES;
				GCC_C_LANGUAGE_STANDARD = gnu17;
				GCC_NO_COMMON_BLOCKS = YES;
				GCC_WARN_64_TO_32_BIT_CONVERSION = YES;
				GCC_WARN_ABOUT_RETURN_TYPE = YES_ERROR;
				GCC_WARN_UNDECLARED_SELECTOR = YES;
				GCC_WARN_UNINITIALIZED_AUTOS = YES_AGGRESSIVE;
				GCC_WARN_UNUSED_FUNCTION = YES;
				GCC_WARN_UNUSED_VARIABLE = YES;
				IPHONEOS_DEPLOYMENT_TARGET = 17.0;
				LOCALIZATION_PREFERS_STRING_CATALOGS = YES;
				MTL_ENABLE_DEBUG_INFO = NO;
				MTL_FAST_MATH = YES;
				SDKROOT = iphoneos;
				SWIFT_COMPILATION_MODE = wholemodule;
				VALIDATE_PRODUCT = YES;
			};
			name = Release;
		};
		2A9D063A2B14678D00B04DBB /* Debug */ = {
			isa = XCBuildConfiguration;
			buildSettings = {
				ASSETCATALOG_COMPILER_APPICON_NAME = AppIcon;
				ASSETCATALOG_COMPILER_GLOBAL_ACCENT_COLOR_NAME = AccentColor;
				CODE_SIGN_ENTITLEMENTS = MyBooks/MyBooks.entitlements;
				CODE_SIGN_STYLE = Automatic;
				CURRENT_PROJECT_VERSION = 1;
				DEVELOPMENT_ASSET_PATHS = "\"MyBooks/Preview Content\"";
				DEVELOPMENT_TEAM = 476QK54UU2;
				ENABLE_PREVIEWS = YES;
				GENERATE_INFOPLIST_FILE = YES;
				INFOPLIST_FILE = MyBooks/Info.plist;
				INFOPLIST_KEY_UIApplicationSceneManifest_Generation = YES;
				INFOPLIST_KEY_UIApplicationSupportsIndirectInputEvents = YES;
				INFOPLIST_KEY_UILaunchScreen_Generation = YES;
				INFOPLIST_KEY_UISupportedInterfaceOrientations_iPad = "UIInterfaceOrientationPortrait UIInterfaceOrientationPortraitUpsideDown UIInterfaceOrientationLandscapeLeft UIInterfaceOrientationLandscapeRight";
				INFOPLIST_KEY_UISupportedInterfaceOrientations_iPhone = "UIInterfaceOrientationPortrait UIInterfaceOrientationLandscapeLeft UIInterfaceOrientationLandscapeRight";
				LD_RUNPATH_SEARCH_PATHS = (
					"$(inherited)",
					"@executable_path/Frameworks",
				);
				MARKETING_VERSION = 1.0;
				PRODUCT_BUNDLE_IDENTIFIER = "com.it-guy.MyBooks";
				PRODUCT_NAME = "$(TARGET_NAME)";
				SWIFT_EMIT_LOC_STRINGS = YES;
				SWIFT_VERSION = 5.0;
				TARGETED_DEVICE_FAMILY = "1,2";
			};
			name = Debug;
		};
		2A9D063B2B14678D00B04DBB /* Release */ = {
			isa = XCBuildConfiguration;
			buildSettings = {
				ASSETCATALOG_COMPILER_APPICON_NAME = AppIcon;
				ASSETCATALOG_COMPILER_GLOBAL_ACCENT_COLOR_NAME = AccentColor;
				CODE_SIGN_ENTITLEMENTS = MyBooks/MyBooks.entitlements;
				CODE_SIGN_STYLE = Automatic;
				CURRENT_PROJECT_VERSION = 1;
				DEVELOPMENT_ASSET_PATHS = "\"MyBooks/Preview Content\"";
				DEVELOPMENT_TEAM = 476QK54UU2;
				ENABLE_PREVIEWS = YES;
				GENERATE_INFOPLIST_FILE = YES;
				INFOPLIST_FILE = MyBooks/Info.plist;
				INFOPLIST_KEY_UIApplicationSceneManifest_Generation = YES;
				INFOPLIST_KEY_UIApplicationSupportsIndirectInputEvents = YES;
				INFOPLIST_KEY_UILaunchScreen_Generation = YES;
				INFOPLIST_KEY_UISupportedInterfaceOrientations_iPad = "UIInterfaceOrientationPortrait UIInterfaceOrientationPortraitUpsideDown UIInterfaceOrientationLandscapeLeft UIInterfaceOrientationLandscapeRight";
				INFOPLIST_KEY_UISupportedInterfaceOrientations_iPhone = "UIInterfaceOrientationPortrait UIInterfaceOrientationLandscapeLeft UIInterfaceOrientationLandscapeRight";
				LD_RUNPATH_SEARCH_PATHS = (
					"$(inherited)",
					"@executable_path/Frameworks",
				);
				MARKETING_VERSION = 1.0;
				PRODUCT_BUNDLE_IDENTIFIER = "com.it-guy.MyBooks";
				PRODUCT_NAME = "$(TARGET_NAME)";
				SWIFT_EMIT_LOC_STRINGS = YES;
				SWIFT_VERSION = 5.0;
				TARGETED_DEVICE_FAMILY = "1,2";
			};
			name = Release;
		};
/* End XCBuildConfiguration section */

/* Begin XCConfigurationList section */
		2A9D06262B14678B00B04DBB /* Build configuration list for PBXProject "MyBooks" */ = {
			isa = XCConfigurationList;
			buildConfigurations = (
				2A9D06372B14678D00B04DBB /* Debug */,
				2A9D06382B14678D00B04DBB /* Release */,
			);
			defaultConfigurationIsVisible = 0;
			defaultConfigurationName = Release;
		};
		2A9D06392B14678D00B04DBB /* Build configuration list for PBXNativeTarget "MyBooks" */ = {
			isa = XCConfigurationList;
			buildConfigurations = (
				2A9D063A2B14678D00B04DBB /* Debug */,
				2A9D063B2B14678D00B04DBB /* Release */,
			);
			defaultConfigurationIsVisible = 0;
			defaultConfigurationName = Release;
		};
/* End XCConfigurationList section */
	};
	rootObject = 2A9D06232B14678B00B04DBB /* Project object */;
}
